
Microsoft Visual Studio Solution File, Format Version 12.00
# Visual Studio Version 17
VisualStudioVersion = 17.9.34616.47
MinimumVisualStudioVersion = 10.0.40219.1
Project("{8BC9CEB8-8B4A-11D0-8D11-00A0C91BC942}") = "UCP1", "UCP1\UCP1.vcxproj", "{9AE710E3-0AF3-49FE-91AC-BAABB9927106}"
EndProject
Project("{8BC9CEB8-8B4A-11D0-8D11-00A0C91BC942}") = "Try1", "Try1\Try1.vcxproj", "{2B609826-9836-4E6B-8040-AB80B936536A}"
EndProject
Global
	GlobalSection(SolutionConfigurationPlatforms) = preSolution
		Debug|x64 = Debug|x64
		Debug|x86 = Debug|x86
		Release|x64 = Release|x64
		Release|x86 = Release|x86
	EndGlobalSection
	GlobalSection(ProjectConfigurationPlatforms) = postSolution
		{9AE710E3-0AF3-49FE-91AC-BAABB9927106}.Debug|x64.ActiveCfg = Debug|x64
		{9AE710E3-0AF3-49FE-91AC-BAABB9927106}.Debug|x64.Build.0 = Debug|x64
		{9AE710E3-0AF3-49FE-91AC-BAABB9927106}.Debug|x86.ActiveCfg = Debug|Win32
		{9AE710E3-0AF3-49FE-91AC-BAABB9927106}.Debug|x86.Build.0 = Debug|Win32
		{9AE710E3-0AF3-49FE-91AC-BAABB9927106}.Release|x64.ActiveCfg = Release|x64
		{9AE710E3-0AF3-49FE-91AC-BAABB9927106}.Release|x64.Build.0 = Release|x64
		{9AE710E3-0AF3-49FE-91AC-BAABB9927106}.Release|x86.ActiveCfg = Release|Win32
		{9AE710E3-0AF3-49FE-91AC-BAABB9927106}.Release|x86.Build.0 = Release|Win32
		{2B609826-9836-4E6B-8040-AB80B936536A}.Debug|x64.ActiveCfg = Debug|x64
		{2B609826-9836-4E6B-8040-AB80B936536A}.Debug|x64.Build.0 = Debug|x64
		{2B609826-9836-4E6B-8040-AB80B936536A}.Debug|x86.ActiveCfg = Debug|Win32
		{2B609826-9836-4E6B-8040-AB80B936536A}.Debug|x86.Build.0 = Debug|Win32
		{2B609826-9836-4E6B-8040-AB80B936536A}.Release|x64.ActiveCfg = Release|x64
		{2B609826-9836-4E6B-8040-AB80B936536A}.Release|x64.Build.0 = Release|x64
		{2B609826-9836-4E6B-8040-AB80B936536A}.Release|x86.ActiveCfg = Release|Win32
		{2B609826-9836-4E6B-8040-AB80B936536A}.Release|x86.Build.0 = Release|Win32
	EndGlobalSection
	GlobalSection(SolutionProperties) = preSolution
		HideSolutionNode = FALSE
	EndGlobalSection
	GlobalSection(ExtensibilityGlobals) = postSolution
		SolutionGuid = {BF2A38FB-9443-42B6-A5AE-CB7C7A308480}
	EndGlobalSection
EndGlobal
